{
  "version": 4,
  "terraform_version": "1.10.2",
  "serial": 7,
  "lineage": "ffaae9c9-b9fb-8c86-efe6-ab54a6d1f982",
  "outputs": {},
  "resources": [
    {
      "mode": "managed",
      "type": "proxmox_lxc",
      "name": "database",
      "provider": "provider[\"registry.terraform.io/telmate/proxmox\"]",
      "instances": [
        {
          "index_key": 0,
          "schema_version": 0,
          "attributes": {
            "arch": "amd64",
            "bwlimit": 0,
            "clone": null,
            "clone_storage": null,
            "cmode": "tty",
            "console": true,
            "cores": 2,
            "cpulimit": 0,
            "cpuunits": 1024,
            "description": "",
            "features": [
              {
                "fuse": false,
                "keyctl": false,
                "mknod": false,
                "mount": "",
                "nesting": true
              }
            ],
            "force": false,
            "full": null,
            "hagroup": "",
            "hastate": "",
            "hookscript": "",
            "hostname": "zbxdb-0",
            "id": "pve/lxc/107",
            "ignore_unpack_errors": false,
            "lock": "",
            "memory": 1024,
            "mountpoint": [],
            "nameserver": "",
            "network": [
              {
                "bridge": "vmbr0",
                "firewall": false,
                "gw": "192.168.0.1",
                "gw6": "",
                "hwaddr": "BC:24:11:79:14:40",
                "id": 0,
                "ip": "192.168.0.30/24",
                "ip6": "dhcp",
                "mtu": 0,
                "name": "eth0",
                "rate": 0,
                "tag": 0,
                "trunks": "",
                "type": "veth"
              }
            ],
            "onboot": true,
            "ostemplate": "local:vztmpl/ubuntu-22.04-standard_22.04-1_amd64.tar.zst",
            "ostype": "ubuntu",
            "password": "tocomfome@10",
            "pool": null,
            "protection": false,
            "restore": false,
            "rootfs": [
              {
                "acl": false,
                "quota": false,
                "replicate": false,
                "ro": false,
                "shared": false,
                "size": "8G",
                "storage": "local-lvm",
                "volume": "local-lvm:vm-107-disk-0"
              }
            ],
            "searchdomain": "",
            "ssh_public_keys": "ssh-rsa AAAAB3NzaC1yc2EAAAADAQABAAABgQCz6BOGgGU1sAGBWay56yFbMOxs8e28RuikcwPae5eI7eKEaYQmAQS76F+vH55RPOBXPNWcGMPvHfctDPtptqst5AVBRulVK1LuZ0ojOQPczPminTD5aX6B+T6/E+kvyWeHo/efuitRUfH6RjKt5Qa9c5JWV3khB3bCdQUnNlbC2K3rdj+gSS8Zq72A74ZC6cEe1Bx1bBymUnoAyksdeT5CYtUZKfQBWNV6OtN9FrkKi/kyS0ezKe1M4vYDSeILlk2SDCmBbfuSQ+s/yA0O8t9b8e1tuYK3vvbqOEePmFs1lVy6sU4nSrsp5NPnoGhvovyQfziSeIDutjibfvWGGXGoLktoj3YHPFTXSuXWzs6ZRqU9/f10+mShOgltsLTll80Q0RXYftEPmGOujZQSF4K49V9C0+mmg98/3LcztvofEm2cR3mb9SEbG2Uvr/+cBywdzhkRtsANWtVoceLkz7WnzcPQl9CmpUyoe8X8pyX8+GGhB87rh1pU7Zx9w3SJRcs= douglas@douglas-g77588\n",
            "start": true,
            "startup": "",
            "swap": 2048,
            "tags": "",
            "target_node": "pve",
            "template": false,
            "timeouts": null,
            "tty": 2,
            "unique": false,
            "unprivileged": true,
            "unused": [],
            "vmid": null
          },
          "sensitive_attributes": [
            [
              {
                "type": "get_attr",
                "value": "password"
              }
            ]
          ],
          "private": "eyJlMmJmYjczMC1lY2FhLTExZTYtOGY4OC0zNDM2M2JjN2M0YzAiOnsiY3JlYXRlIjoxMjAwMDAwMDAwMDAwLCJkZWZhdWx0IjoxMjAwMDAwMDAwMDAwLCJkZWxldGUiOjEyMDAwMDAwMDAwMDAsInJlYWQiOjEyMDAwMDAwMDAwMDAsInVwZGF0ZSI6MTIwMDAwMDAwMDAwMH19"
        }
      ]
    },
    {
      "mode": "managed",
      "type": "proxmox_lxc",
      "name": "proxy",
      "provider": "provider[\"registry.terraform.io/telmate/proxmox\"]",
      "instances": [
        {
          "index_key": 0,
          "schema_version": 0,
          "attributes": {
            "arch": "amd64",
            "bwlimit": 0,
            "clone": null,
            "clone_storage": null,
            "cmode": "tty",
            "console": true,
            "cores": 2,
            "cpulimit": 0,
            "cpuunits": 1024,
            "description": "",
            "features": [
              {
                "fuse": false,
                "keyctl": false,
                "mknod": false,
                "mount": "",
                "nesting": true
              }
            ],
            "force": false,
            "full": null,
            "hagroup": "",
            "hastate": "",
            "hookscript": "",
            "hostname": "zbxprx-0",
            "id": "pve/lxc/106",
            "ignore_unpack_errors": false,
            "lock": "",
            "memory": 1024,
            "mountpoint": [],
            "nameserver": "",
            "network": [
              {
                "bridge": "vmbr0",
                "firewall": false,
                "gw": "192.168.0.1",
                "gw6": "",
                "hwaddr": "BC:24:11:16:E9:A4",
                "id": 0,
                "ip": "192.168.0.60/24",
                "ip6": "dhcp",
                "mtu": 0,
                "name": "eth0",
                "rate": 0,
                "tag": 0,
                "trunks": "",
                "type": "veth"
              }
            ],
            "onboot": true,
            "ostemplate": "local:vztmpl/ubuntu-22.04-standard_22.04-1_amd64.tar.zst",
            "ostype": "ubuntu",
            "password": "tocomfome@10",
            "pool": null,
            "protection": false,
            "restore": false,
            "rootfs": [
              {
                "acl": false,
                "quota": false,
                "replicate": false,
                "ro": false,
                "shared": false,
                "size": "8G",
                "storage": "local-lvm",
                "volume": "local-lvm:vm-106-disk-0"
              }
            ],
            "searchdomain": "",
            "ssh_public_keys": "ssh-rsa AAAAB3NzaC1yc2EAAAADAQABAAABgQCz6BOGgGU1sAGBWay56yFbMOxs8e28RuikcwPae5eI7eKEaYQmAQS76F+vH55RPOBXPNWcGMPvHfctDPtptqst5AVBRulVK1LuZ0ojOQPczPminTD5aX6B+T6/E+kvyWeHo/efuitRUfH6RjKt5Qa9c5JWV3khB3bCdQUnNlbC2K3rdj+gSS8Zq72A74ZC6cEe1Bx1bBymUnoAyksdeT5CYtUZKfQBWNV6OtN9FrkKi/kyS0ezKe1M4vYDSeILlk2SDCmBbfuSQ+s/yA0O8t9b8e1tuYK3vvbqOEePmFs1lVy6sU4nSrsp5NPnoGhvovyQfziSeIDutjibfvWGGXGoLktoj3YHPFTXSuXWzs6ZRqU9/f10+mShOgltsLTll80Q0RXYftEPmGOujZQSF4K49V9C0+mmg98/3LcztvofEm2cR3mb9SEbG2Uvr/+cBywdzhkRtsANWtVoceLkz7WnzcPQl9CmpUyoe8X8pyX8+GGhB87rh1pU7Zx9w3SJRcs= douglas@douglas-g77588\n",
            "start": true,
            "startup": "",
            "swap": 2048,
            "tags": "",
            "target_node": "pve",
            "template": false,
            "timeouts": null,
            "tty": 2,
            "unique": false,
            "unprivileged": true,
            "unused": [],
            "vmid": null
          },
          "sensitive_attributes": [
            [
              {
                "type": "get_attr",
                "value": "password"
              }
            ]
          ],
          "private": "eyJlMmJmYjczMC1lY2FhLTExZTYtOGY4OC0zNDM2M2JjN2M0YzAiOnsiY3JlYXRlIjoxMjAwMDAwMDAwMDAwLCJkZWZhdWx0IjoxMjAwMDAwMDAwMDAwLCJkZWxldGUiOjEyMDAwMDAwMDAwMDAsInJlYWQiOjEyMDAwMDAwMDAwMDAsInVwZGF0ZSI6MTIwMDAwMDAwMDAwMH19"
        }
      ]
    },
    {
      "mode": "managed",
      "type": "proxmox_lxc",
      "name": "server",
      "provider": "provider[\"registry.terraform.io/telmate/proxmox\"]",
      "instances": [
        {
          "index_key": 0,
          "schema_version": 0,
          "attributes": {
            "arch": "amd64",
            "bwlimit": 0,
            "clone": null,
            "clone_storage": null,
            "cmode": "tty",
            "console": true,
            "cores": 2,
            "cpulimit": 0,
            "cpuunits": 1024,
            "description": "",
            "features": [
              {
                "fuse": false,
                "keyctl": false,
                "mknod": false,
                "mount": "",
                "nesting": true
              }
            ],
            "force": false,
            "full": null,
            "hagroup": "",
            "hastate": "",
            "hookscript": "",
            "hostname": "zbxsrv-0",
            "id": "pve/lxc/108",
            "ignore_unpack_errors": false,
            "lock": "",
            "memory": 1024,
            "mountpoint": [],
            "nameserver": "",
            "network": [
              {
                "bridge": "vmbr0",
                "firewall": false,
                "gw": "192.168.0.1",
                "gw6": "",
                "hwaddr": "BC:24:11:8E:26:42",
                "id": 0,
                "ip": "192.168.0.30/24",
                "ip6": "dhcp",
                "mtu": 0,
                "name": "eth0",
                "rate": 0,
                "tag": 0,
                "trunks": "",
                "type": "veth"
              }
            ],
            "onboot": true,
            "ostemplate": "local:vztmpl/ubuntu-22.04-standard_22.04-1_amd64.tar.zst",
            "ostype": "ubuntu",
            "password": "tocomfome@10",
            "pool": null,
            "protection": false,
            "restore": false,
            "rootfs": [
              {
                "acl": false,
                "quota": false,
                "replicate": false,
                "ro": false,
                "shared": false,
                "size": "8G",
                "storage": "local-lvm",
                "volume": "local-lvm:vm-108-disk-0"
              }
            ],
            "searchdomain": "",
            "ssh_public_keys": "ssh-rsa AAAAB3NzaC1yc2EAAAADAQABAAABgQCz6BOGgGU1sAGBWay56yFbMOxs8e28RuikcwPae5eI7eKEaYQmAQS76F+vH55RPOBXPNWcGMPvHfctDPtptqst5AVBRulVK1LuZ0ojOQPczPminTD5aX6B+T6/E+kvyWeHo/efuitRUfH6RjKt5Qa9c5JWV3khB3bCdQUnNlbC2K3rdj+gSS8Zq72A74ZC6cEe1Bx1bBymUnoAyksdeT5CYtUZKfQBWNV6OtN9FrkKi/kyS0ezKe1M4vYDSeILlk2SDCmBbfuSQ+s/yA0O8t9b8e1tuYK3vvbqOEePmFs1lVy6sU4nSrsp5NPnoGhvovyQfziSeIDutjibfvWGGXGoLktoj3YHPFTXSuXWzs6ZRqU9/f10+mShOgltsLTll80Q0RXYftEPmGOujZQSF4K49V9C0+mmg98/3LcztvofEm2cR3mb9SEbG2Uvr/+cBywdzhkRtsANWtVoceLkz7WnzcPQl9CmpUyoe8X8pyX8+GGhB87rh1pU7Zx9w3SJRcs= douglas@douglas-g77588\n",
            "start": true,
            "startup": "",
            "swap": 2048,
            "tags": "",
            "target_node": "pve",
            "template": false,
            "timeouts": null,
            "tty": 2,
            "unique": false,
            "unprivileged": true,
            "unused": [],
            "vmid": null
          },
          "sensitive_attributes": [
            [
              {
                "type": "get_attr",
                "value": "password"
              }
            ]
          ],
          "private": "eyJlMmJmYjczMC1lY2FhLTExZTYtOGY4OC0zNDM2M2JjN2M0YzAiOnsiY3JlYXRlIjoxMjAwMDAwMDAwMDAwLCJkZWZhdWx0IjoxMjAwMDAwMDAwMDAwLCJkZWxldGUiOjEyMDAwMDAwMDAwMDAsInJlYWQiOjEyMDAwMDAwMDAwMDAsInVwZGF0ZSI6MTIwMDAwMDAwMDAwMH19"
        }
      ]
    }
  ],
  "check_results": null
}
